PODS:
  - Bolts/Tasks (1.8.4)
  - Parse (1.14.2):
    - Bolts/Tasks (~> 1.8)
  - RxSwift (2.0.0)

DEPENDENCIES:
  - Parse
  - RxSwift (= 2.0)

SPEC CHECKSUMS:
  Bolts: 8a7995239dbe724f9cba2248b766d48b7ebdd322
  Parse: 4335d65f40cb3d43190d723144bbe1afb9c38230
  RxSwift: d83246efa6f16c50c143bec134649d045498f601

PODFILE CHECKSUM: 69717e19bb20b02ba9ab7282455da1a539c6a3d3

COCOAPODS: 1.1.1
